version = 1
requires-python = ">=3.12"

[[package]]
name = "colorama"
version = "0.4.6"
source = { registry = "https://pypi.org/simple" }
sdist = { url = "https://files.pythonhosted.org/packages/d8/53/6f443c9a4a8358a93a6792e2acffb9d9d5cb0a5cfd8802644b7b1c9a02e4/colorama-0.4.6.tar.gz", hash = "sha256:08695f5cb7ed6e0531a20572697297273c47b8cae5a63ffc6d6ed5c201be6e44", size = 27697 }
wheels = [
    { url = "https://files.pythonhosted.org/packages/d1/d6/3965ed04c63042e047cb6a3e6ed1a63a35087b6a609aa3a15ed8ac56c221/colorama-0.4.6-py2.py3-none-any.whl", hash = "sha256:4f1d9991f5acc0ca119f9d443620b77f9d6b33703e51011c16baf57afb285fc6", size = 25335 },
]

[[package]]
name = "guidec"
version = "0.1.0"
source = { virtual = "." }
dependencies = [
    { name = "libzim" },
    { name = "selectolax" },
    { name = "tqdm" },
    { name = "zstandard" },
]

[package.metadata]
requires-dist = [
    { name = "libzim", specifier = ">=3.10.0" },
    { name = "selectolax", specifier = ">=0.4.10" },
    { name = "tqdm", specifier = ">=4.68.3" },
    { name = "zstandard", specifier = ">=0.25.0" },
]

[[package]]
name = "libzim"
version = "3.12.0"
source = { registry = "https://pypi.org/simple" }
sdist = { url = "https://files.pythonhosted.org/packages/79/4f/b9d4fe1f01696e0d664b272690297ac9311fa5e7b69386f80cd05a2a3c38/libzim-3.12.0.tar.gz", hash = "sha256:7bee04851616ef5804a2ee38feb6093a8f1a64284cd817db93481df993d9c73d", size = 58540 }
wheels = [
    { url = "https://files.pythonhosted.org/packages/3f/94/4e53daac1b21889d49dce903243431149711f036586abe9027e11a746305/libzim-3.12.0-cp312-cp312-macosx_13_0_arm64.whl", hash = "sha256:e4405484ea10d3bbf4f6b8cb26d03ad2873fba8854b52877fc47b14180a0c638", size = 3527096 },
    { url = "https://files.pythonhosted.org/packages/33/e6/5f5d2132bfd76875b793a78eba3026b7e4fc9657fc2f876ae6d592a87f44/libzim-3.12.0-cp312-cp312-macosx_13_0_x86_64.whl", hash = "sha256:cf07fc9f167f5828e5fff4ec9df29f05c608108ab82e4334144ed73e2c0be1d0", size = 3795571 },
    { url = "https://files.pythonhosted.org/packages/b1/47/ec602ff955c0a83d5a2eb3294c5e1d7640387f871382ea2a3c1b41b69940/libzim-3.12.0-cp312-cp312-manylinux_2_27_aarch64.manylinux_2_28_aarch64.whl", hash = "sha256:a46bf791e357f203f1705c18ff85f6b4773649b2c411844df38e4fde347b360b", size = 8203254 },
    { url = "https://files.pythonhosted.org/packages/0d/9e/e2976dc513775eb82423bde2b8ceab04cbc53c4c34bf51d00cf76819ba0c/libzim-3.12.0-cp312-cp312-manylinux_2_27_x86_64.manylinux_2_28_x86_64.whl", hash = "sha256:d222cb698e1181c38de6051c53efe906237b1b6df9fd608c10396e7f5f4149e2", size = 8409748 },
    { url = "https://files.pythonhosted.org/packages/d4/2d/7facb706b98f98cb58e94f1c7c3e382807bc8ea113a1cc95b26bf22f6f9d/libzim-3.12.0-cp312-cp312-musllinux_1_2_aarch64.whl", hash = "sha256:a063342d603b6e1aef274dfedf0e86c1f1a2b368df2d8bb64ef891a7448e6a96", size = 9548772 },
    { url = "https://files.pythonhosted.org/packages/67/2f/a5f896174d1244e9041de748fc74e6f442895c8e4505a90ef30636abda1a/libzim-3.12.0-cp312-cp312-musllinux_1_2_x86_64.whl", hash = "sha256:39097b9133e289a6731d73c1763b42c6f3a3e18450d6717df7b222cf382521c3", size = 9771728 },
    { url = "https://files.pythonhosted.org/packages/9e/6b/68d712cf26477ab87807e6c93c0979e1f15ae8e95a028a65f72076cf7cc8/libzim-3.12.0-cp312-cp312-win_amd64.whl", hash = "sha256:2ed84540ab47de89b77bf787d8794617040be2589df666c94f76b2d85cd4bf88", size = 15965822 },
    { url = "https://files.pythonhosted.org/packages/9c/85/4c97f52c01592290e44deae48595dd50f734f21e1f51dcf45f9d02f594ac/libzim-3.12.0-cp313-cp313-macosx_13_0_arm64.whl", hash = "sha256:6818d839d61538b27cd0c26659f465dc01c115968e8a7e1b105e7db059df61fa", size = 3525882 },
    { url = "https://files.pythonhosted.org/packages/e5/b9/e2628279997191ad8f42b874b636767a3806bbc3d649a21524577cb9b255/libzim-3.12.0-cp313-cp313-macosx_13_0_x86_64.whl", hash = "sha256:17d41427fab06a438abb2954a5465c4f1300c7947908d7dec62d4a4cb11ebc7b", size = 3793674 },
    { url = "https://files.pythonhosted.org/packages/82/7b/3cf6855e1a0916a31ec5994bd384fe6034640a812cb15aab5439ba8dd498/libzim-3.12.0-cp313-cp313-manylinux_2_27_aarch64.manylinux_2_28_aarch64.whl", hash = "sha256:41372f16d97ddfcc2b8c0110603604f5aa7fddbf53cc775e3eee9059e3e1be44", size = 8194526 },
    { url = "https://files.pythonhosted.org/packages/90/0d/636aed7b756e20b502bb39c9e01c4b90d8fb89e5c256a06e94bac1c14e90/libzim-3.12.0-cp313-cp313-manylinux_2_27_x86_64.manylinux_2_28_x86_64.whl", hash = "sha256:db1c24eda75b4197f5aeaaf809a8f2cf7082774d2e219b8dcfead5e64329721b", size = 8390392 },
    { url = "https://files.pythonhosted.org/packages/a9/df/a64261760bb3cba90871bb56ae8eac1ee60d692e6d050a28fce0d68c0ec7/libzim-3.12.0-cp313-cp313-musllinux_1_2_aarch64.whl", hash = "sha256:1ca8c5cb18184b9fa9a2b952f41ec68dc7b4628eaf87b21dc552097421f59bac", size = 9537855 },
    { url = "https://files.pythonhosted.org/packages/78/c5/92f92d762eec2417a8750e3ecae6e2b8ac0d62151410cba297ca5456c151/libzim-3.12.0-cp313-cp313-musllinux_1_2_x86_64.whl", hash = "sha256:c942c53bbd79a67e2b1535aeadf454c01d85bf97065c77b15d9fdcbe6d995b2e", size = 9759645 },
    { url = "https://files.pythonhosted.org/packages/ce/66/7e01c4400f817c2e9f7c97f2d24045fee998f83abfe1ff03f88a928696cc/libzim-3.12.0-cp313-cp313-win_amd64.whl", hash = "sha256:fb4a714f5bd31b28219f1d867dce93635174051ba43f7f63505d15c69adae4d7", size = 15966466 },
    { url = "https://files.pythonhosted.org/packages/73/82/03e9fdc9e65f4f4b37c6f80d2f8386f8f9d0c62652e5fcf3e3d761240fd7/libzim-3.12.0-cp314-cp314-macosx_13_0_arm64.whl", hash = "sha256:49580d6432b249a8a1d2d25f0b04a038a368f99212ad1f5b5fc6d0db98665c66", size = 3533773 },
    { url = "https://files.pythonhosted.org/packages/65/99/ce6f749c5df3e46e5918f65632da59102ed509eacdc67379fb8c39b49e0d/libzim-3.12.0-cp314-cp314-macosx_13_0_x86_64.whl", hash = "sha256:f73e00468e1bee52ddd265629995de872f2b274b95d494ff21b18891df26a37d", size = 3800448 },
    { url = "https://files.pythonhosted.org/packages/20/01/44664639fbbb97a95a304b184cef32d954a6bca1c5a8f820c491753cf20e/libzim-3.12.0-cp314-cp314-manylinux_2_27_aarch64.manylinux_2_28_aarch64.whl", hash = "sha256:7460cc07321f7155a1a95f54666cc1ff2d38fc114dc2654496cbe75c62e7d464", size = 8198784 },
    { url = "https://files.pythonhosted.org/packages/d9/6b/8a7634a673bb33d3df7fb8db94b5d21e6abdf888bae24e8df8b3e630eca2/libzim-3.12.0-cp314-cp314-manylinux_2_27_x86_64.manylinux_2_28_x86_64.whl", hash = "sha256:1f8e040e8bbfa61bebf2b9f607f7676125289f6f29974f2efb8cda16f31589e5", size = 8388386 },
    { url = "https://files.pythonhosted.org/packages/83/23/a905fbef288cd722d759828aa9efe5c31c6d6ddda776d4336a79ff5c972d/libzim-3.12.0-cp314-cp314-musllinux_1_2_aarch64.whl", hash = "sha256:83c691e42b5517b14b371b5d435395ea86d3a636602002f18d8ef6ac8c47a18c", size = 9543972 },
    { url = "https://files.pythonhosted.org/packages/52/8c/fcab587eb4b42d3f6cb2a53f2110d580fd4711692b8888177c046addbdc5/libzim-3.12.0-cp314-cp314-musllinux_1_2_x86_64.whl", hash = "sha256:0a5ab1927e446ec1dc33d41820c12f81065ec3ff360322e9231ade8ce0f30639", size = 9757802 },
    { url = "https://files.pythonhosted.org/packages/6f/32/f8c8dd1441855fa26eb38b6601de8808a80a53c451884b8363917a73e6a8/libzim-3.12.0-cp314-cp314-win_amd64.whl", hash = "sha256:df7da38c0d4aa2cb6eb77ca617016e147eaf145775104d5ca3a2d50640ac0f34", size = 16639936 },
    { url = "https://files.pythonhosted.org/packages/2d/29/8c25deb1bb510077dad7e0d7f67327da059fc0ead8f96430efb27c4c6b98/libzim-3.12.0-cp314-cp314t-macosx_13_0_arm64.whl", hash = "sha256:632a5af1c903e337d9aec557b58ffc475ff0f8a84f3166d1535a675041eaac54", size = 3544940 },
    { url = "https://files.pythonhosted.org/packages/4b/2c/0fa3a4397c2cdfe0633717841c08020caf9faeb085c815fd63ce0e21055f/libzim-3.12.0-cp314-cp314t-macosx_13_0_x86_64.whl", hash = "sha256:1e19f5d08801cdd1a34ebf9da1b70bfe70f1efd1cfe04a8c110834ef96052f13", size = 3813014 },
    { url = "https://files.pythonhosted.org/packages/41/b5/3198d0562c20f52b72d7c457a7c85c45c9f7e76fa2c5d95eceb4fba6bc9a/libzim-3.12.0-cp314-cp314t-manylinux_2_27_aarch64.manylinux_2_28_aarch64.whl", hash = "sha256:b4d08afeb86dd80282f9f0e8aa0735c2e43256184f7c54ce02ce12cc851bf346", size = 8196892 },
    { url = "https://files.pythonhosted.org/packages/38/1b/8fafadde7b48a831f1ee018f20ee7b67beef7ff011d577c165cb7251f85d/libzim-3.12.0-cp314-cp314t-manylinux_2_27_x86_64.manylinux_2_28_x86_64.whl", hash = "sha256:7025ff0fd261f1dcd1c4217836f43e73ef3545b0a4ab3d8056e9b388d3f72329", size = 8374139 },
    { url = "https://files.pythonhosted.org/packages/1b/76/0f6b9999001d85ef4778afdf9bccd20f8b30b398ef19aab0eb35932b5c36/libzim-3.12.0-cp314-cp314t-musllinux_1_2_aarch64.whl", hash = "sha256:c4e804ac9bfe351d3612b9f6b11275e963b3e475d5ff501474c3a92f4eb274d9", size = 9535771 },
    { url = "https://files.pythonhosted.org/packages/32/56/9aee2668747f8c20bcbd432a8106b94bb0f98a578b3f96186269017d4c27/libzim-3.12.0-cp314-cp314t-musllinux_1_2_x86_64.whl", hash = "sha256:a0116db09552ae05466cd71e3a1ef179c95d9d657b32f1b912c3f0d8426bcb9b", size = 9736033 },
    { url = "https://files.pythonhosted.org/packages/61/53/ecada2decfa43d1944a101954085620923b971832be2d74377ffca85ae2d/libzim-3.12.0-cp314-cp314t-win_amd64.whl", hash = "sha256:7ebdd40c30f40b119e43f70052044817ca450b5b0ef05d0d71616d48b3e2f158", size = 16669438 },
]

[[package]]
name = "selectolax"
version = "0.4.11"
source = { registry = "https://pypi.org/simple" }
sdist = { url = "https://files.pythonhosted.org/packages/39/6c/aec38dfee314a38cb7c0940fe055b22f22627b3e0a216772c24372eef3a9/selectolax-0.4.11.tar.gz", hash = "sha256:2b565ddabce6c9a7b73fa28a39acf8f411a084fa2f169234ec2470f552d4421d", size = 4883455 }
wheels = [
    { url = "https://files.pythonhosted.org/packages/d7/96/d3b085e0a6bcb1e9a21a62617a826f14c7d569f70fee848579039db276bf/selectolax-0.4.11-cp312-cp312-macosx_10_13_x86_64.whl", hash = "sha256:25d633cddca0fc769e7d890e9e838908fb4a7326eec5e3b23ae42c27f457541d", size = 2251530 },
    { url = "https://files.pythonhosted.org/packages/a7/65/21ff78e6050b71f6467e7baad3eb58b935ade210a72e3e339ce9e6f68ac5/selectolax-0.4.11-cp312-cp312-macosx_11_0_arm64.whl", hash = "sha256:634db1b7ae1b1f10ee0b0adbef0eee1aec65a3d01f09b75132bc5b043b7623d1", size = 2300794 },
    { url = "https://files.pythonhosted.org/packages/a4/60/faa1878ba9bd362e9078f664e570d3085b3cd679aee49c044a03b4530513/selectolax-0.4.11-cp312-cp312-manylinux2014_aarch64.manylinux_2_17_aarch64.manylinux_2_28_aarch64.whl", hash = "sha256:168b34466dc4f998d7ceb04f218693546d141543e7c5d327f9e006c0799cd62c", size = 2382882 },
    { url = "https://files.pythonhosted.org/packages/e1/a6/a556d87dc37e972cc615384df8376e94bc043fba2ef9fbbf68629a1c8d99/selectolax-0.4.11-cp312-cp312-manylinux2014_x86_64.manylinux_2_17_x86_64.manylinux_2_28_x86_64.whl", hash = "sha256:4c3d4fd42deabfd03cc5c4fce9517e7226054f9de3984759476e6c4a7b7fe187", size = 2431493 },
    { url = "https://files.pythonhosted.org/packages/0e/ca/d95beee6453d3837cba042351e216fb62881750ca930b8d29b223e174224/selectolax-0.4.11-cp312-cp312-musllinux_1_2_aarch64.whl", hash = "sha256:8f0223a83051ece2591a1d0cf487f1d0719cb76660d7c5de4c0a201b761c5c23", size = 2387809 },
    { url = "https://files.pythonhosted.org/packages/c8/b9/449a4626740099a5cebcb112fee82e423dd1d603f43f72e22b802acc1f8c/selectolax-0.4.11-cp312-cp312-musllinux_1_2_x86_64.whl", hash = "sha256:dff45ee85409e6126e4900e0db6950a59a7b58b7ff9d667a6a275b0405b87692", size = 2449963 },
    { url = "https://files.pythonhosted.org/packages/f3/de/798b416cba8cc05b9382d81724e73abd887d6ebe441edee848bb23773be9/selectolax-0.4.11-cp312-cp312-win32.whl", hash = "sha256:f69c377298a09f571c89af5916ac85f69a9aaedd7312b0bb803a46d2ca2f9048", size = 1763553 },
    { url = "https://files.pythonhosted.org/packages/41/da/e9f32bc598cbd50a5b1e947636f13396511e3d916ab603b622a61c84347f/selectolax-0.4.11-cp312-cp312-win_amd64.whl", hash = "sha256:48545b0351b6f92c4ad2fff835e832768d0cb37834766a82f40242e51fc9901d", size = 1881516 },
    { url = "https://files.pythonhosted.org/packages/6d/48/5f0e2f9d098333efd3a83ed9dae78b83b6fbb504be1c5a4b95b28e7b5870/selectolax-0.4.11-cp312-cp312-win_arm64.whl", hash = "sha256:daf7a841d1baa795f940200bec45019c4a31020def16e3a4e35485e82ed64167", size = 1817321 },
    { url = "https://files.pythonhosted.org/packages/4e/b5/6e0653d45b8d138b3fc37b37780b989761fb486e7c002aa413eb89d3ad64/selectolax-0.4.11-cp313-cp313-macosx_10_13_x86_64.whl", hash = "sha256:5153157ed60d968ed303acbfd2c8762fa0c0462e2663bd04466471c565deb88a", size = 2250779 },
    { url = "https://files.pythonhosted.org/packages/53/c5/c367cf0583799d8c32555c4fa3b900b1e8de1aef07fb009c488a615b6ed0/selectolax-0.4.11-cp313-cp313-macosx_11_0_arm64.whl", hash = "sha256:386494779e5464e587ed4dc076e1c48c24ebaf2da1e3a249690551d1f97fe8ed", size = 2300206 },
    { url = "https://files.pythonhosted.org/packages/a7/61/956974dc429e3df99814d1ba5629a324eef366e2116b030fdd5354713402/selectolax-0.4.11-cp313-cp313-manylinux2014_aarch64.manylinux_2_17_aarch64.manylinux_2_28_aarch64.whl", hash = "sha256:47be0e591125484de14ff0c9aaaa814dd4a4019de35eabe360e88169a263a2b5", size = 2382455 },
    { url = "https://files.pythonhosted.org/packages/51/f6/626716e2730f396bd81b853b37e9eeddd3a847730efff7548ad6d695c6e8/selectolax-0.4.11-cp313-cp313-manylinux2014_x86_64.manylinux_2_17_x86_64.manylinux_2_28_x86_64.whl", hash = "sha256:f8f014f328f6f79a364293bca54d43af1cec776dc10a5302054a54b5fb2d8675", size = 2431069 },
    { url = "https://files.pythonhosted.org/packages/48/f6/acb03eb9e468f74fab17c655761179022fed57bfb1b25ff741e8c0c6a06c/selectolax-0.4.11-cp313-cp313-musllinux_1_2_aarch64.whl", hash = "sha256:c3f6fac361b5f415c409dfd1a07dd0e9a5899d10daba8d88ce16bd552b0e06f2", size = 2387626 },
    { url = "https://files.pythonhosted.org/packages/5a/08/e242e5785e049499771ac5e560112396d244e6142348eaf1c70849f83a66/selectolax-0.4.11-cp313-cp313-musllinux_1_2_x86_64.whl", hash = "sha256:f8121f4cbfe870d9ad24ae418a735d918d55844e905c3270077e97f4e579770f", size = 2449451 },
    { url = "https://files.pythonhosted.org/packages/15/5d/b5dfbde64d622cc94d2136edb0caaafb5779ebbd884f6ae9c041d8dfa669/selectolax-0.4.11-cp313-cp313-win32.whl", hash = "sha256:bde121202b33e6041e9d2db1d62e7466b5883fd1c441eb96ff68d3ea015cfcbd", size = 1763387 },
    { url = "https://files.pythonhosted.org/packages/6e/90/2888c831ebd473b6c17486d805a16925187c743964bbf895ec421c1cf2ab/selectolax-0.4.11-cp313-cp313-win_amd64.whl", hash = "sha256:5c7a91fbe1a94849d85228897c416ab9b4518bea6b04dce8ef8acd825ec80e9d", size = 1882102 },
    { url = "https://files.pythonhosted.org/packages/83/ea/e78be8710bf162b43d6336ee354fbe21ea712284bd0bf58c67e15264862d/selectolax-0.4.11-cp313-cp313-win_arm64.whl", hash = "sha256:597b8e065978be200c598ae6d682496d96fbce14d34b5d519e93cf5b6be5fb60", size = 1817155 },
    { url = "https://files.pythonhosted.org/packages/08/5a/ba94f50ca5a6a0af65e8d47147bbe9f6ad11c408fd03c832ea737836d3eb/selectolax-0.4.11-cp314-cp314-macosx_10_13_x86_64.whl", hash = "sha256:663ff792f92ed749cfcf452ac19aff5da74b05521e7daacb3b74388deb14d117", size = 2266464 },
    { url = "https://files.pythonhosted.org/packages/12/fe/f4d7d554cd7db415c831c8fb5a2b6bbbe3bdf5a49c8f417a6093d4618d6c/selectolax-0.4.11-cp314-cp314-macosx_11_0_arm64.whl", hash = "sha256:d5ce592a92fceeca2694b369a83ad72891a9c356f668718fe7e1c83eea407bb4", size = 2317609 },
    { url = "https://files.pythonhosted.org/packages/96/d6/9d702075634c1a38517a8af4242346bf0e65f206703037b56cf8da114eec/selectolax-0.4.11-cp314-cp314-manylinux2014_aarch64.manylinux_2_17_aarch64.manylinux_2_28_aarch64.whl", hash = "sha256:b0f56c49161b18621ac452e42e02b0c5c61ba4c21095cfff3990e040bd9a043c", size = 2382277 },
    { url = "https://files.pythonhosted.org/packages/84/c3/f541806ec7bdd0ce8ec69351572d2f2b3919264818cd5bb792482684d492/selectolax-0.4.11-cp314-cp314-manylinux2014_x86_64.manylinux_2_17_x86_64.manylinux_2_28_x86_64.whl", hash = "sha256:224682039ca13eb822be626e49a03592ee2b8557bcdc6381e49417a995170c94", size = 2430423 },
    { url = "https://files.pythonhosted.org/packages/70/81/533fa254be8e63b1c0fbe261ba4e2c1ca86357a4844b0830a0d7ae0985f9/selectolax-0.4.11-cp314-cp314-musllinux_1_2_aarch64.whl", hash = "sha256:bd843540a197a33049a08fd80e59bfeafbaa688e632d53a05a9b65af5e88296f", size = 2404012 },
    { url = "https://files.pythonhosted.org/packages/25/5a/3fc3de5bfdc70af07d55bdc17837b5fd4ae6229444868f057085addd9a18/selectolax-0.4.11-cp314-cp314-musllinux_1_2_x86_64.whl", hash = "sha256:2b842c829f916fecb51f0f55882eca3e2ad49e85388178f14ae6fe0912be0a57", size = 2466775 },
    { url = "https://files.pythonhosted.org/packages/f2/42/62c66067cbd3c360f762ac6964793091ea0371b3527ca2bf90955fb0b6f3/selectolax-0.4.11-cp314-cp314-win32.whl", hash = "sha256:d33e2ed75cc33e7af3fd50521c33e7d8634fae23bc197a6cee6a5015e056eef6", size = 1875717 },
    { url = "https://files.pythonhosted.org/packages/14/b5/6d9ed39e909752645798c1469fb9443c0880ede999e63241ee89e91c7a54/selectolax-0.4.11-cp314-cp314-win_amd64.whl", hash = "sha256:e5929cbe3eedfaf51a09ec89642ab5355b703486d43bcf3c8f0c27d6043a488d", size = 1994595 },
    { url = "https://files.pythonhosted.org/packages/49/f9/f172cfe8c29e295b9d7bc79e5b071937470f74311cd04dc3090d4166520a/selectolax-0.4.11-cp314-cp314-win_arm64.whl", hash = "sha256:466daca0599408c9d2cad7658a68490facc5c9b8d0f41ac5d17948914f57306f", size = 1928531 },
    { url = "https://files.pythonhosted.org/packages/97/e9/6289d23fa4e5ccd5570a31c9180616a2e3c87ec565f7887bcfbca6204b6d/selectolax-0.4.11-cp314-cp314t-macosx_10_13_x86_64.whl", hash = "sha256:086ca6f7e4c475bfff871ec1448ae5d342d43d6a2ca2cea65160d01b3a6a75ec", size = 2281363 },
    { url = "https://files.pythonhosted.org/packages/06/c4/1fbf3624f9e52dadda8471dfb68eaf6021e819b827cdb62ce878fa28f469/selectolax-0.4.11-cp314-cp314t-macosx_11_0_arm64.whl", hash = "sha256:b530a2c4fad7400af27b2b7e0333c1318ecb5f5dc38e8a141dbe3bd81b398fdf", size = 2325491 },
    { url = "https://files.pythonhosted.org/packages/b6/ba/25710a259ecb2b66b9168956b768a2651533c8ea813da9decb0e0f3ee39a/selectolax-0.4.11-cp314-cp314t-manylinux2014_aarch64.manylinux_2_17_aarch64.manylinux_2_28_aarch64.whl", hash = "sha256:3637d21f7fe60fbd6ca3dbc67a1747f6a55a9389114d72f06b5d69ba2beddf01", size = 2387575 },
    { url = "https://files.pythonhosted.org/packages/bc/73/331f83e64e3a17478e832308248345d5224957eb7a62dad2e7fc5daa15b3/selectolax-0.4.11-cp314-cp314t-manylinux2014_x86_64.manylinux_2_17_x86_64.manylinux_2_28_x86_64.whl", hash = "sha256:fad5b1065f73eeaa07ea343cbc548aaa9f9a5c359c3bdd8d98f5d80b61550d1c", size = 2439126 },
    { url = "https://files.pythonhosted.org/packages/d0/33/ab29a558dc65d3a1e28c217b62605b5135123ad89f1f825c8b741366e0fc/selectolax-0.4.11-cp314-cp314t-musllinux_1_2_aarch64.whl", hash = "sha256:1da54e42ab99b9191269306e13c0fd67ada1c6654e8dc8d74fac615931dd3c62", size = 2412927 },
    { url = "https://files.pythonhosted.org/packages/ae/b6/e774ec9179d7524adf47d7187b3e4e630104e149b2fbcbfe06088a3f4847/selectolax-0.4.11-cp314-cp314t-musllinux_1_2_x86_64.whl", hash = "sha256:28915b8fa90c1c3cb585858a6d24d433a3f38ea514aea59013bdb0930d9f6025", size = 2475264 },
    { url = "https://files.pythonhosted.org/packages/97/14/0b4865125e777c9d852c9e388c1165e2ef4d7f1fb46596b13a1c02153fe7/selectolax-0.4.11-cp314-cp314t-win32.whl", hash = "sha256:1a6deb4464198ac67f32e56c4463aedf3e1d834b458eaac5b5b5b1ef02dcf15e", size = 1898010 },
    { url = "https://files.pythonhosted.org/packages/40/1a/88db3237f2fb357119164c4f5a33a659615e3d10dd0f773d092341ee0cc4/selectolax-0.4.11-cp314-cp314t-win_amd64.whl", hash = "sha256:41f388c26304c1d840f5ee5e07c06bb9388ec834d10fec60dc148f22f98efd38", size = 2019721 },
    { url = "https://files.pythonhosted.org/packages/37/03/193913c0f3d37c1e8d66ebfa0f139b2f286f70ec285907aa98b44a620447/selectolax-0.4.11-cp314-cp314t-win_arm64.whl", hash = "sha256:9077fa36e99ef4bb801194ff8f492f67279c0562e7cdfa9b4d06f5c010131969", size = 1950774 },
]

[[package]]
name = "tqdm"
version = "4.69.1"
source = { registry = "https://pypi.org/simple" }
dependencies = [
    { name = "colorama", marker = "sys_platform == 'win32'" },
]
sdist = { url = "https://files.pythonhosted.org/packages/dd/84/da0e5038228fa34dfd77c5026b173ed035d2a3ba31f1077590c013de2bff/tqdm-4.69.1.tar.gz", hash = "sha256:2be21080a0ce17e902c2f1baeb6a74bf551b67bbdfa4bc0109fad471d0b4cb0d", size = 793046 }
wheels = [
    { url = "https://files.pythonhosted.org/packages/01/50/5817619a0fca56aff06383dbfde7ae017b3ca383915b3f1e4713164273cf/tqdm-4.69.1-py3-none-any.whl", hash = "sha256:0a654b96f7a2660cceb615b56f307ec2bef96c515409014a429a561981ab52b4", size = 675452 },
]

[[package]]
name = "zstandard"
version = "0.25.0"
source = { registry = "https://pypi.org/simple" }
sdist = { url = "https://files.pythonhosted.org/packages/fd/aa/3e0508d5a5dd96529cdc5a97011299056e14c6505b678fd58938792794b1/zstandard-0.25.0.tar.gz", hash = "sha256:7713e1179d162cf5c7906da876ec2ccb9c3a9dcbdffef0cc7f70c3667a205f0b", size = 711513 }
wheels = [
    { url = "https://files.pythonhosted.org/packages/82/fc/f26eb6ef91ae723a03e16eddb198abcfce2bc5a42e224d44cc8b6765e57e/zstandard-0.25.0-cp312-cp312-macosx_10_13_x86_64.whl", hash = "sha256:7b3c3a3ab9daa3eed242d6ecceead93aebbb8f5f84318d82cee643e019c4b73b", size = 795738 },
    { url = "https://files.pythonhosted.org/packages/aa/1c/d920d64b22f8dd028a8b90e2d756e431a5d86194caa78e3819c7bf53b4b3/zstandard-0.25.0-cp312-cp312-macosx_11_0_arm64.whl", hash = "sha256:913cbd31a400febff93b564a23e17c3ed2d56c064006f54efec210d586171c00", size = 640436 },
    { url = "https://files.pythonhosted.org/packages/53/6c/288c3f0bd9fcfe9ca41e2c2fbfd17b2097f6af57b62a81161941f09afa76/zstandard-0.25.0-cp312-cp312-manylinux2010_i686.manylinux2014_i686.manylinux_2_12_i686.manylinux_2_17_i686.whl", hash = "sha256:011d388c76b11a0c165374ce660ce2c8efa8e5d87f34996aa80f9c0816698b64", size = 5343019 },
    { url = "https://files.pythonhosted.org/packages/1e/15/efef5a2f204a64bdb5571e6161d49f7ef0fffdbca953a615efbec045f60f/zstandard-0.25.0-cp312-cp312-manylinux2014_aarch64.manylinux_2_17_aarch64.whl", hash = "sha256:6dffecc361d079bb48d7caef5d673c88c8988d3d33fb74ab95b7ee6da42652ea", size = 5063012 },
    { url = "https://files.pythonhosted.org/packages/b7/37/a6ce629ffdb43959e92e87ebdaeebb5ac81c944b6a75c9c47e300f85abdf/zstandard-0.25.0-cp312-cp312-manylinux2014_ppc64le.manylinux_2_17_ppc64le.whl", hash = "sha256:7149623bba7fdf7e7f24312953bcf73cae103db8cae49f8154dd1eadc8a29ecb", size = 5394148 },
    { url = "https://files.pythonhosted.org/packages/e3/79/2bf870b3abeb5c070fe2d670a5a8d1057a8270f125ef7676d29ea900f496/zstandard-0.25.0-cp312-cp312-manylinux2014_s390x.manylinux_2_17_s390x.whl", hash = "sha256:6a573a35693e03cf1d67799fd01b50ff578515a8aeadd4595d2a7fa9f3ec002a", size = 5451652 },
    { url = "https://files.pythonhosted.org/packages/53/60/7be26e610767316c028a2cbedb9a3beabdbe33e2182c373f71a1c0b88f36/zstandard-0.25.0-cp312-cp312-manylinux2014_x86_64.manylinux_2_17_x86_64.whl", hash = "sha256:5a56ba0db2d244117ed744dfa8f6f5b366e14148e00de44723413b2f3938a902", size = 5546993 },
    { url = "https://files.pythonhosted.org/packages/85/c7/3483ad9ff0662623f3648479b0380d2de5510abf00990468c286c6b04017/zstandard-0.25.0-cp312-cp312-musllinux_1_1_aarch64.whl", hash = "sha256:10ef2a79ab8e2974e2075fb984e5b9806c64134810fac21576f0668e7ea19f8f", size = 5046806 },
    { url = "https://files.pythonhosted.org/packages/08/b3/206883dd25b8d1591a1caa44b54c2aad84badccf2f1de9e2d60a446f9a25/zstandard-0.25.0-cp312-cp312-musllinux_1_1_x86_64.whl", hash = "sha256:aaf21ba8fb76d102b696781bddaa0954b782536446083ae3fdaa6f16b25a1c4b", size = 5576659 },
    { url = "https://files.pythonhosted.org/packages/9d/31/76c0779101453e6c117b0ff22565865c54f48f8bd807df2b00c2c404b8e0/zstandard-0.25.0-cp312-cp312-musllinux_1_2_aarch64.whl", hash = "sha256:1869da9571d5e94a85a5e8d57e4e8807b175c9e4a6294e3b66fa4efb074d90f6", size = 4953933 },
    { url = "https://files.pythonhosted.org/packages/18/e1/97680c664a1bf9a247a280a053d98e251424af51f1b196c6d52f117c9720/zstandard-0.25.0-cp312-cp312-musllinux_1_2_i686.whl", hash = "sha256:809c5bcb2c67cd0ed81e9229d227d4ca28f82d0f778fc5fea624a9def3963f91", size = 5268008 },
    { url = "https://files.pythonhosted.org/packages/1e/73/316e4010de585ac798e154e88fd81bb16afc5c5cb1a72eeb16dd37e8024a/zstandard-0.25.0-cp312-cp312-musllinux_1_2_ppc64le.whl", hash = "sha256:f27662e4f7dbf9f9c12391cb37b4c4c3cb90ffbd3b1fb9284dadbbb8935fa708", size = 5433517 },
    { url = "https://files.pythonhosted.org/packages/5b/60/dd0f8cfa8129c5a0ce3ea6b7f70be5b33d2618013a161e1ff26c2b39787c/zstandard-0.25.0-cp312-cp312-musllinux_1_2_s390x.whl", hash = "sha256:99c0c846e6e61718715a3c9437ccc625de26593fea60189567f0118dc9db7512", size = 5814292 },
    { url = "https://files.pythonhosted.org/packages/fc/5f/75aafd4b9d11b5407b641b8e41a57864097663699f23e9ad4dbb91dc6bfe/zstandard-0.25.0-cp312-cp312-musllinux_1_2_x86_64.whl", hash = "sha256:474d2596a2dbc241a556e965fb76002c1ce655445e4e3bf38e5477d413165ffa", size = 5360237 },
    { url = "https://files.pythonhosted.org/packages/ff/8d/0309daffea4fcac7981021dbf21cdb2e3427a9e76bafbcdbdf5392ff99a4/zstandard-0.25.0-cp312-cp312-win32.whl", hash = "sha256:23ebc8f17a03133b4426bcc04aabd68f8236eb78c3760f12783385171b0fd8bd", size = 436922 },
    { url = "https://files.pythonhosted.org/packages/79/3b/fa54d9015f945330510cb5d0b0501e8253c127cca7ebe8ba46a965df18c5/zstandard-0.25.0-cp312-cp312-win_amd64.whl", hash = "sha256:ffef5a74088f1e09947aecf91011136665152e0b4b359c42be3373897fb39b01", size = 506276 },
    { url = "https://files.pythonhosted.org/packages/ea/6b/8b51697e5319b1f9ac71087b0af9a40d8a6288ff8025c36486e0c12abcc4/zstandard-0.25.0-cp312-cp312-win_arm64.whl", hash = "sha256:181eb40e0b6a29b3cd2849f825e0fa34397f649170673d385f3598ae17cca2e9", size = 462679 },
    { url = "https://files.pythonhosted.org/packages/35/0b/8df9c4ad06af91d39e94fa96cc010a24ac4ef1378d3efab9223cc8593d40/zstandard-0.25.0-cp313-cp313-macosx_10_13_x86_64.whl", hash = "sha256:ec996f12524f88e151c339688c3897194821d7f03081ab35d31d1e12ec975e94", size = 795735 },
    { url = "https://files.pythonhosted.org/packages/3f/06/9ae96a3e5dcfd119377ba33d4c42a7d89da1efabd5cb3e366b156c45ff4d/zstandard-0.25.0-cp313-cp313-macosx_11_0_arm64.whl", hash = "sha256:a1a4ae2dec3993a32247995bdfe367fc3266da832d82f8438c8570f989753de1", size = 640440 },
    { url = "https://files.pythonhosted.org/packages/d9/14/933d27204c2bd404229c69f445862454dcc101cd69ef8c6068f15aaec12c/zstandard-0.25.0-cp313-cp313-manylinux2010_i686.manylinux2014_i686.manylinux_2_12_i686.manylinux_2_17_i686.whl", hash = "sha256:e96594a5537722fdfb79951672a2a63aec5ebfb823e7560586f7484819f2a08f", size = 5343070 },
    { url = "https://files.pythonhosted.org/packages/6d/db/ddb11011826ed7db9d0e485d13df79b58586bfdec56e5c84a928a9a78c1c/zstandard-0.25.0-cp313-cp313-manylinux2014_aarch64.manylinux_2_17_aarch64.whl", hash = "sha256:bfc4e20784722098822e3eee42b8e576b379ed72cca4a7cb856ae733e62192ea", size = 5063001 },
    { url = "https://files.pythonhosted.org/packages/db/00/87466ea3f99599d02a5238498b87bf84a6348290c19571051839ca943777/zstandard-0.25.0-cp313-cp313-manylinux2014_ppc64le.manylinux_2_17_ppc64le.whl", hash = "sha256:457ed498fc58cdc12fc48f7950e02740d4f7ae9493dd4ab2168a47c93c31298e", size = 5394120 },
    { url = "https://files.pythonhosted.org/packages/2b/95/fc5531d9c618a679a20ff6c29e2b3ef1d1f4ad66c5e161ae6ff847d102a9/zstandard-0.25.0-cp313-cp313-manylinux2014_s390x.manylinux_2_17_s390x.whl", hash = "sha256:fd7a5004eb1980d3cefe26b2685bcb0b17989901a70a1040d1ac86f1d898c551", size = 5451230 },
    { url = "https://files.pythonhosted.org/packages/63/4b/e3678b4e776db00f9f7b2fe58e547e8928ef32727d7a1ff01dea010f3f13/zstandard-0.25.0-cp313-cp313-manylinux2014_x86_64.manylinux_2_17_x86_64.whl", hash = "sha256:8e735494da3db08694d26480f1493ad2cf86e99bdd53e8e9771b2752a5c0246a", size = 5547173 },
    { url = "https://files.pythonhosted.org/packages/4e/d5/ba05ed95c6b8ec30bd468dfeab20589f2cf709b5c940483e31d991f2ca58/zstandard-0.25.0-cp313-cp313-musllinux_1_1_aarch64.whl", hash = "sha256:3a39c94ad7866160a4a46d772e43311a743c316942037671beb264e395bdd611", size = 5046736 },
    { url = "https://files.pythonhosted.org/packages/50/d5/870aa06b3a76c73eced65c044b92286a3c4e00554005ff51962deef28e28/zstandard-0.25.0-cp313-cp313-musllinux_1_1_x86_64.whl", hash = "sha256:172de1f06947577d3a3005416977cce6168f2261284c02080e7ad0185faeced3", size = 5576368 },
    { url = "https://files.pythonhosted.org/packages/5d/35/398dc2ffc89d304d59bc12f0fdd931b4ce455bddf7038a0a67733a25f550/zstandard-0.25.0-cp313-cp313-musllinux_1_2_aarch64.whl", hash = "sha256:3c83b0188c852a47cd13ef3bf9209fb0a77fa5374958b8c53aaa699398c6bd7b", size = 4954022 },
    { url = "https://files.pythonhosted.org/packages/9a/5c/36ba1e5507d56d2213202ec2b05e8541734af5f2ce378c5d1ceaf4d88dc4/zstandard-0.25.0-cp313-cp313-musllinux_1_2_i686.whl", hash = "sha256:1673b7199bbe763365b81a4f3252b8e80f44c9e323fc42940dc8843bfeaf9851", size = 5267889 },
    { url = "https://files.pythonhosted.org/packages/70/e8/2ec6b6fb7358b2ec0113ae202647ca7c0e9d15b61c005ae5225ad0995df5/zstandard-0.25.0-cp313-cp313-musllinux_1_2_ppc64le.whl", hash = "sha256:0be7622c37c183406f3dbf0cba104118eb16a4ea7359eeb5752f0794882fc250", size = 5433952 },
    { url = "https://files.pythonhosted.org/packages/7b/01/b5f4d4dbc59ef193e870495c6f1275f5b2928e01ff5a81fecb22a06e22fb/zstandard-0.25.0-cp313-cp313-musllinux_1_2_s390x.whl", hash = "sha256:5f5e4c2a23ca271c218ac025bd7d635597048b366d6f31f420aaeb715239fc98", size = 5814054 },
    { url = "https://files.pythonhosted.org/packages/b2/e5/fbd822d5c6f427cf158316d012c5a12f233473c2f9c5fe5ab1ae5d21f3d8/zstandard-0.25.0-cp313-cp313-musllinux_1_2_x86_64.whl", hash = "sha256:4f187a0bb61b35119d1926aee039524d1f93aaf38a9916b8c4b78ac8514a0aaf", size = 5360113 },
    { url = "https://files.pythonhosted.org/packages/8e/e0/69a553d2047f9a2c7347caa225bb3a63b6d7704ad74610cb7823baa08ed7/zstandard-0.25.0-cp313-cp313-win32.whl", hash = "sha256:7030defa83eef3e51ff26f0b7bfb229f0204b66fe18e04359ce3474ac33cbc09", size = 436936 },
    { url = "https://files.pythonhosted.org/packages/d9/82/b9c06c870f3bd8767c201f1edbdf9e8dc34be5b0fbc5682c4f80fe948475/zstandard-0.25.0-cp313-cp313-win_amd64.whl", hash = "sha256:1f830a0dac88719af0ae43b8b2d6aef487d437036468ef3c2ea59c51f9d55fd5", size = 506232 },
    { url = "https://files.pythonhosted.org/packages/d4/57/60c3c01243bb81d381c9916e2a6d9e149ab8627c0c7d7abb2d73384b3c0c/zstandard-0.25.0-cp313-cp313-win_arm64.whl", hash = "sha256:85304a43f4d513f5464ceb938aa02c1e78c2943b29f44a750b48b25ac999a049", size = 462671 },
    { url = "https://files.pythonhosted.org/packages/3d/5c/f8923b595b55fe49e30612987ad8bf053aef555c14f05bb659dd5dbe3e8a/zstandard-0.25.0-cp314-cp314-macosx_10_13_x86_64.whl", hash = "sha256:e29f0cf06974c899b2c188ef7f783607dbef36da4c242eb6c82dcd8b512855e3", size = 795887 },
    { url = "https://files.pythonhosted.org/packages/8d/09/d0a2a14fc3439c5f874042dca72a79c70a532090b7ba0003be73fee37ae2/zstandard-0.25.0-cp314-cp314-macosx_11_0_arm64.whl", hash = "sha256:05df5136bc5a011f33cd25bc9f506e7426c0c9b3f9954f056831ce68f3b6689f", size = 640658 },
    { url = "https://files.pythonhosted.org/packages/5d/7c/8b6b71b1ddd517f68ffb55e10834388d4f793c49c6b83effaaa05785b0b4/zstandard-0.25.0-cp314-cp314-manylinux2010_i686.manylinux_2_12_i686.manylinux_2_28_i686.whl", hash = "sha256:f604efd28f239cc21b3adb53eb061e2a205dc164be408e553b41ba2ffe0ca15c", size = 5379849 },
    { url = "https://files.pythonhosted.org/packages/a4/86/a48e56320d0a17189ab7a42645387334fba2200e904ee47fc5a26c1fd8ca/zstandard-0.25.0-cp314-cp314-manylinux2014_aarch64.manylinux_2_17_aarch64.manylinux_2_28_aarch64.whl", hash = "sha256:223415140608d0f0da010499eaa8ccdb9af210a543fac54bce15babbcfc78439", size = 5058095 },
    { url = "https://files.pythonhosted.org/packages/f8/ad/eb659984ee2c0a779f9d06dbfe45e2dc39d99ff40a319895df2d3d9a48e5/zstandard-0.25.0-cp314-cp314-manylinux2014_ppc64le.manylinux_2_17_ppc64le.manylinux_2_28_ppc64le.whl", hash = "sha256:2e54296a283f3ab5a26fc9b8b5d4978ea0532f37b231644f367aa588930aa043", size = 5551751 },
    { url = "https://files.pythonhosted.org/packages/61/b3/b637faea43677eb7bd42ab204dfb7053bd5c4582bfe6b1baefa80ac0c47b/zstandard-0.25.0-cp314-cp314-manylinux2014_s390x.manylinux_2_17_s390x.manylinux_2_28_s390x.whl", hash = "sha256:ca54090275939dc8ec5dea2d2afb400e0f83444b2fc24e07df7fdef677110859", size = 6364818 },
    { url = "https://files.pythonhosted.org/packages/31/dc/cc50210e11e465c975462439a492516a73300ab8caa8f5e0902544fd748b/zstandard-0.25.0-cp314-cp314-manylinux2014_x86_64.manylinux_2_17_x86_64.manylinux_2_28_x86_64.whl", hash = "sha256:e09bb6252b6476d8d56100e8147b803befa9a12cea144bbe629dd508800d1ad0", size = 5560402 },
    { url = "https://files.pythonhosted.org/packages/c9/ae/56523ae9c142f0c08efd5e868a6da613ae76614eca1305259c3bf6a0ed43/zstandard-0.25.0-cp314-cp314-musllinux_1_2_aarch64.whl", hash = "sha256:a9ec8c642d1ec73287ae3e726792dd86c96f5681eb8df274a757bf62b750eae7", size = 4955108 },
    { url = "https://files.pythonhosted.org/packages/98/cf/c899f2d6df0840d5e384cf4c4121458c72802e8bda19691f3b16619f51e9/zstandard-0.25.0-cp314-cp314-musllinux_1_2_i686.whl", hash = "sha256:a4089a10e598eae6393756b036e0f419e8c1d60f44a831520f9af41c14216cf2", size = 5269248 },
    { url = "https://files.pythonhosted.org/packages/1b/c0/59e912a531d91e1c192d3085fc0f6fb2852753c301a812d856d857ea03c6/zstandard-0.25.0-cp314-cp314-musllinux_1_2_ppc64le.whl", hash = "sha256:f67e8f1a324a900e75b5e28ffb152bcac9fbed1cc7b43f99cd90f395c4375344", size = 5430330 },
    { url = "https://files.pythonhosted.org/packages/a0/1d/7e31db1240de2df22a58e2ea9a93fc6e38cc29353e660c0272b6735d6669/zstandard-0.25.0-cp314-cp314-musllinux_1_2_s390x.whl", hash = "sha256:9654dbc012d8b06fc3d19cc825af3f7bf8ae242226df5f83936cb39f5fdc846c", size = 5811123 },
    { url = "https://files.pythonhosted.org/packages/f6/49/fac46df5ad353d50535e118d6983069df68ca5908d4d65b8c466150a4ff1/zstandard-0.25.0-cp314-cp314-musllinux_1_2_x86_64.whl", hash = "sha256:4203ce3b31aec23012d3a4cf4a2ed64d12fea5269c49aed5e4c3611b938e4088", size = 5359591 },
    { url = "https://files.pythonhosted.org/packages/c2/38/f249a2050ad1eea0bb364046153942e34abba95dd5520af199aed86fbb49/zstandard-0.25.0-cp314-cp314-win32.whl", hash = "sha256:da469dc041701583e34de852d8634703550348d5822e66a0c827d39b05365b12", size = 444513 },
    { url = "https://files.pythonhosted.org/packages/3a/43/241f9615bcf8ba8903b3f0432da069e857fc4fd1783bd26183db53c4804b/zstandard-0.25.0-cp314-cp314-win_amd64.whl", hash = "sha256:c19bcdd826e95671065f8692b5a4aa95c52dc7a02a4c5a0cac46deb879a017a2", size = 516118 },
    { url = "https://files.pythonhosted.org/packages/f0/ef/da163ce2450ed4febf6467d77ccb4cd52c4c30ab45624bad26ca0a27260c/zstandard-0.25.0-cp314-cp314-win_arm64.whl", hash = "sha256:d7541afd73985c630bafcd6338d2518ae96060075f9463d7dc14cfb33514383d", size = 476940 },
]
